
Microsoft Visual Studio Solution File, Format Version 12.00
# Visual Studio Version 16
VisualStudioVersion = 16.0.31424.327
MinimumVisualStudioVersion = 10.0.40219.1
Project("{FAE04EC0-301F-11D3-BF4B-00C04F79EFBC}") = "Courstraitementdimage1", "Courstraitementdimage1\Courstraitementdimage1.csproj", "{37EE5A75-7C2C-4659-8BDC-B1F13660C4C3}"
EndProject
Global
	GlobalSection(SolutionConfigurationPlatforms) = preSolution
		Debug|Any CPU = Debug|Any CPU
		Release|Any CPU = Release|Any CPU
	EndGlobalSection
	GlobalSection(ProjectConfigurationPlatforms) = postSolution
		{37EE5A75-7C2C-4659-8BDC-B1F13660C4C3}.Debug|Any CPU.ActiveCfg = Debug|Any CPU
		{37EE5A75-7C2C-4659-8BDC-B1F13660C4C3}.Debug|Any CPU.Build.0 = Debug|Any CPU
		{37EE5A75-7C2C-4659-8BDC-B1F13660C4C3}.Release|Any CPU.ActiveCfg = Release|Any CPU
		{37EE5A75-7C2C-4659-8BDC-B1F13660C4C3}.Release|Any CPU.Build.0 = Release|Any CPU
	EndGlobalSection
	GlobalSection(SolutionProperties) = preSolution
		HideSolutionNode = FALSE
	EndGlobalSection
	GlobalSection(ExtensibilityGlobals) = postSolution
		SolutionGuid = {10CDA68C-196C-4568-B3FD-26904E31B397}
	EndGlobalSection
EndGlobal
